
Microsoft Visual Studio Solution File, Format Version 12.00
# Visual Studio Version 17
VisualStudioVersion = 17.9.34728.123
MinimumVisualStudioVersion = 10.0.40219.1
Project("{FAE04EC0-301F-11D3-BF4B-00C04F79EFBC}") = "ESTORE", "ESTORE\ESTORE.csproj", "{093602A0-038E-498F-A33D-93EF4C4D4444}"
EndProject
Project("{FAE04EC0-301F-11D3-BF4B-00C04F79EFBC}") = "DAL", "DAL\DAL.csproj", "{856F24F1-2736-4297-8F5D-5FC8685D82F9}"
EndProject
Global
	GlobalSection(SolutionConfigurationPlatforms) = preSolution
		Debug|Any CPU = Debug|Any CPU
		Release|Any CPU = Release|Any CPU
	EndGlobalSection
	GlobalSection(ProjectConfigurationPlatforms) = postSolution
		{093602A0-038E-498F-A33D-93EF4C4D4444}.Debug|Any CPU.ActiveCfg = Debug|Any CPU
		{093602A0-038E-498F-A33D-93EF4C4D4444}.Debug|Any CPU.Build.0 = Debug|Any CPU
		{093602A0-038E-498F-A33D-93EF4C4D4444}.Release|Any CPU.ActiveCfg = Release|Any CPU
		{093602A0-038E-498F-A33D-93EF4C4D4444}.Release|Any CPU.Build.0 = Release|Any CPU
		{856F24F1-2736-4297-8F5D-5FC8685D82F9}.Debug|Any CPU.ActiveCfg = Debug|Any CPU
		{856F24F1-2736-4297-8F5D-5FC8685D82F9}.Debug|Any CPU.Build.0 = Debug|Any CPU
		{856F24F1-2736-4297-8F5D-5FC8685D82F9}.Release|Any CPU.ActiveCfg = Release|Any CPU
		{856F24F1-2736-4297-8F5D-5FC8685D82F9}.Release|Any CPU.Build.0 = Release|Any CPU
	EndGlobalSection
	GlobalSection(SolutionProperties) = preSolution
		HideSolutionNode = FALSE
	EndGlobalSection
	GlobalSection(ExtensibilityGlobals) = postSolution
		SolutionGuid = {402A11ED-78B3-4E42-B33D-782E73A002B4}
	EndGlobalSection
EndGlobal
